# THIS IS AN AUTOGENERATED FILE. DO NOT EDIT THIS FILE DIRECTLY.
# yarn lockfile v1


"@mdi/svg@2.3.54":
  version "2.3.54"
  resolved "https://registry.yarnpkg.com/@mdi/svg/-/svg-2.3.54.tgz#c85deb1811bda7c0e41d6aeaa0e0d33e36819b8e"

mustache@2.3.0:
  version "2.3.0"
  resolved "https://registry.yarnpkg.com/mustache/-/mustache-2.3.0.tgz#4028f7778b17708a489930a6e52ac3bca0da41d0"
